
Microsoft Visual Studio Solution File, Format Version 12.00
# Visual Studio 2012
Project("{FAE04EC0-301F-11D3-BF4B-00C04F79EFBC}") = "SocketCliente", "SocketCliente\SocketCliente.csproj", "{3D9ECAB8-8B94-4263-8B41-FD5F375EF96C}"
EndProject
Global
	GlobalSection(SolutionConfigurationPlatforms) = preSolution
		Debug|Any CPU = Debug|Any CPU
		Release|Any CPU = Release|Any CPU
	EndGlobalSection
	GlobalSection(ProjectConfigurationPlatforms) = postSolution
		{3D9ECAB8-8B94-4263-8B41-FD5F375EF96C}.Debug|Any CPU.ActiveCfg = Debug|Any CPU
		{3D9ECAB8-8B94-4263-8B41-FD5F375EF96C}.Debug|Any CPU.Build.0 = Debug|Any CPU
		{3D9ECAB8-8B94-4263-8B41-FD5F375EF96C}.Release|Any CPU.ActiveCfg = Release|Any CPU
		{3D9ECAB8-8B94-4263-8B41-FD5F375EF96C}.Release|Any CPU.Build.0 = Release|Any CPU
	EndGlobalSection
	GlobalSection(SolutionProperties) = preSolution
		HideSolutionNode = FALSE
	EndGlobalSection
EndGlobal
